
Microsoft Visual Studio Solution File, Format Version 12.00
# Visual Studio Version 17
VisualStudioVersion = 17.4.33213.308
MinimumVisualStudioVersion = 10.0.40219.1
Project("{FAE04EC0-301F-11D3-BF4B-00C04F79EFBC}") = "BanDoDienTu_Nhom06_N03", "BanDoDienTu_Nhom06_N03\BanDoDienTu_Nhom06_N03.csproj", "{44B89273-FB41-420B-B2E2-C59BB70D8D41}"
EndProject
Global
	GlobalSection(SolutionConfigurationPlatforms) = preSolution
		Debug|Any CPU = Debug|Any CPU
		Release|Any CPU = Release|Any CPU
	EndGlobalSection
	GlobalSection(ProjectConfigurationPlatforms) = postSolution
		{44B89273-FB41-420B-B2E2-C59BB70D8D41}.Debug|Any CPU.ActiveCfg = Debug|Any CPU
		{44B89273-FB41-420B-B2E2-C59BB70D8D41}.Debug|Any CPU.Build.0 = Debug|Any CPU
		{44B89273-FB41-420B-B2E2-C59BB70D8D41}.Release|Any CPU.ActiveCfg = Release|Any CPU
		{44B89273-FB41-420B-B2E2-C59BB70D8D41}.Release|Any CPU.Build.0 = Release|Any CPU
	EndGlobalSection
	GlobalSection(SolutionProperties) = preSolution
		HideSolutionNode = FALSE
	EndGlobalSection
	GlobalSection(ExtensibilityGlobals) = postSolution
		SolutionGuid = {8BEB5E77-2F9E-4D72-B4F5-0E1CA35F6F6E}
	EndGlobalSection
EndGlobal
